
Microsoft Visual Studio Solution File, Format Version 12.00
# Visual Studio Version 17
VisualStudioVersion = 17.9.34714.143
MinimumVisualStudioVersion = 10.0.40219.1
Project("{FAE04EC0-301F-11D3-BF4B-00C04F79EFBC}") = "Methods", "Methods\Methods.csproj", "{F66952E3-771F-45A3-915D-9D82703C5F8A}"
EndProject
Global
	GlobalSection(SolutionConfigurationPlatforms) = preSolution
		Debug|Any CPU = Debug|Any CPU
		Release|Any CPU = Release|Any CPU
	EndGlobalSection
	GlobalSection(ProjectConfigurationPlatforms) = postSolution
		{F66952E3-771F-45A3-915D-9D82703C5F8A}.Debug|Any CPU.ActiveCfg = Debug|Any CPU
		{F66952E3-771F-45A3-915D-9D82703C5F8A}.Debug|Any CPU.Build.0 = Debug|Any CPU
		{F66952E3-771F-45A3-915D-9D82703C5F8A}.Release|Any CPU.ActiveCfg = Release|Any CPU
		{F66952E3-771F-45A3-915D-9D82703C5F8A}.Release|Any CPU.Build.0 = Release|Any CPU
	EndGlobalSection
	GlobalSection(SolutionProperties) = preSolution
		HideSolutionNode = FALSE
	EndGlobalSection
	GlobalSection(ExtensibilityGlobals) = postSolution
		SolutionGuid = {01CFFD4D-7BF6-4F88-907C-266F9BFF2FAE}
	EndGlobalSection
EndGlobal
